
Microsoft Visual Studio Solution File, Format Version 12.00
# Visual Studio Version 17
VisualStudioVersion = 17.8.34408.163
MinimumVisualStudioVersion = 10.0.40219.1
Project("{FAE04EC0-301F-11D3-BF4B-00C04F79EFBC}") = "ConsoleApplication", "ConsoleApplication\ConsoleApplication.csproj", "{2AC59588-DFD9-4B5D-9E3D-E0485BA30A6E}"
EndProject
Global
	GlobalSection(SolutionConfigurationPlatforms) = preSolution
		Debug|Any CPU = Debug|Any CPU
		Release|Any CPU = Release|Any CPU
	EndGlobalSection
	GlobalSection(ProjectConfigurationPlatforms) = postSolution
		{2AC59588-DFD9-4B5D-9E3D-E0485BA30A6E}.Debug|Any CPU.ActiveCfg = Debug|Any CPU
		{2AC59588-DFD9-4B5D-9E3D-E0485BA30A6E}.Debug|Any CPU.Build.0 = Debug|Any CPU
		{2AC59588-DFD9-4B5D-9E3D-E0485BA30A6E}.Release|Any CPU.ActiveCfg = Release|Any CPU
		{2AC59588-DFD9-4B5D-9E3D-E0485BA30A6E}.Release|Any CPU.Build.0 = Release|Any CPU
	EndGlobalSection
	GlobalSection(SolutionProperties) = preSolution
		HideSolutionNode = FALSE
	EndGlobalSection
	GlobalSection(ExtensibilityGlobals) = postSolution
		SolutionGuid = {A6231EC2-1658-404B-B13E-CB99716842F8}
	EndGlobalSection
EndGlobal
